{
  "version": 4,
  "terraform_version": "1.14.4",
  "serial": 53,
  "lineage": "adacc066-14b4-26b2-45b3-bf72aee5a4b9",
  "outputs": {
    "api_gateway_id": {
      "value": "i83jhjhpbl",
      "type": "string"
    },
    "api_gateway_url": {
      "value": "https://i83jhjhpbl.execute-api.us-east-1.amazonaws.com/dev",
      "type": "string"
    },
    "auth_lambda_arn": {
      "value": "arn:aws:lambda:us-east-1:000000000000:function:sentient_planner_auth",
      "type": "string"
    },
    "dynamodb_table_name": {
      "value": "sentient-planner-table",
      "type": "string"
    },
    "kinesis_stream_name": {
      "value": "sentient-planner-stream",
      "type": "string"
    },
    "processor_lambda_arn": {
      "value": "arn:aws:lambda:us-east-1:000000000000:function:sentient_planner_processor",
      "type": "string"
    },
    "s3_bucket_name": {
      "value": "sentient-planner-bucket",
      "type": "string"
    },
    "secrets_arn": {
      "value": "arn:aws:secretsmanager:us-east-1:000000000000:secret:app-secrets-qPNujU",
      "type": "string"
    },
    "sqs_queue_url": {
      "value": "http://sqs.us-east-1.localhost.localstack.cloud:4566/000000000000/ascii-gen-queue",
      "type": "string"
    }
  },
  "resources": [
    {
      "mode": "data",
      "type": "archive_file",
      "name": "auth_lambda_zip",
      "provider": "provider[\"registry.terraform.io/hashicorp/archive\"]",
      "instances": [
        {
          "schema_version": 0,
          "attributes": {
            "exclude_symlink_directories": null,
            "excludes": null,
            "id": "3dba3dee2b3e41f5c56086f1e588019c05c84323",
            "output_base64sha256": "jHP6rLGbFWGgBzq+BiapcZrazbknOGn/iivuLZSPGnM=",
            "output_base64sha512": "h43qlqG5JwFlw+wd0G06aQE1gFMxMJN0lcE0oV4rGF5/kzWsm9YkyqW/JgN0S4csh2z6Nx7ULvfu2kq8N0XasA==",
            "output_file_mode": null,
            "output_md5": "4decf337b75d64fe9f9a9d712b937065",
            "output_path": "./../../src/lambdas/packages/auth.zip",
            "output_sha": "3dba3dee2b3e41f5c56086f1e588019c05c84323",
            "output_sha256": "8c73faacb19b1561a0073abe0626a9719adacdb9273869ff8a2bee2d948f1a73",
            "output_sha512": "878dea96a1b9270165c3ec1dd06d3a69013580533130937495c134a15e2b185e7f9335ac9bd624caa5bf2603744b872c876cfa371ed42ef7eeda4abc3745dab0",
            "output_size": 2400,
            "source": [],
            "source_content": null,
            "source_content_filename": null,
            "source_dir": "./../../src/lambdas/auth",
            "source_file": null,
            "type": "zip"
          },
          "sensitive_attributes": [],
          "identity_schema_version": 0
        }
      ]
    },
    {
      "mode": "data",
      "type": "archive_file",
      "name": "processor_lambda_zip",
      "provider": "provider[\"registry.terraform.io/hashicorp/archive\"]",
      "instances": [
        {
          "schema_version": 0,
          "attributes": {
            "exclude_symlink_directories": null,
            "excludes": null,
            "id": "935073cd09491f94c2970ed2456a15b1cca2efca",
            "output_base64sha256": "q48lonQxG8zVbCu18cMI19jYmEw+GgjOJzcDiv67MHE=",
            "output_base64sha512": "hJ2Ng5TPmHi/NmFEeJv+JHp5a4ojSf4KdJkWC6qrKkXVOgYE8Pk+K3sJSRzDEUFcyXXD3Q8dJuXfmUdh++4i/w==",
            "output_file_mode": null,
            "output_md5": "f92107cf7025d250b5a0854242085101",
            "output_path": "./../../src/lambdas/packages/processor.zip",
            "output_sha": "935073cd09491f94c2970ed2456a15b1cca2efca",
            "output_sha256": "ab8f25a274311bccd56c2bb5f1c308d7d8d8984c3e1a08ce2737038afebb3071",
            "output_sha512": "849d8d8394cf9878bf366144789bfe247a796b8a2349fe0a7499160baaab2a45d53a0604f0f93e2b7b09491cc311415cc975c3dd0f1d26e5df994761fbee22ff",
            "output_size": 4298,
            "source": [],
            "source_content": null,
            "source_content_filename": null,
            "source_dir": "./../../src/lambdas/processor",
            "source_file": null,
            "type": "zip"
          },
          "sensitive_attributes": [],
          "identity_schema_version": 0
        }
      ]
    },
    {
      "mode": "managed",
      "type": "aws_api_gateway_authorizer",
      "name": "jwt_authorizer",
      "provider": "provider[\"registry.terraform.io/hashicorp/aws\"]",
      "instances": [
        {
          "schema_version": 0,
          "attributes": {
            "arn": "arn:aws:apigateway:us-east-1::/restapis/i83jhjhpbl/authorizers/9a9a50",
            "authorizer_credentials": "arn:aws:iam::000000000000:role/sentient_planner_lambda_role",
            "authorizer_result_ttl_in_seconds": 300,
            "authorizer_uri": "arn:aws:apigateway:us-east-1:lambda:path/2015-03-31/functions/arn:aws:lambda:us-east-1:000000000000:function:sentient_planner_auth/invocations",
            "id": "9a9a50",
            "identity_source": "method.request.header.Authorization",
            "identity_validation_expression": "",
            "name": "JWTAuthorizer",
            "provider_arns": null,
            "rest_api_id": "i83jhjhpbl",
            "type": "TOKEN"
          },
          "sensitive_attributes": [],
          "identity_schema_version": 0,
          "private": "bnVsbA==",
          "dependencies": [
            "aws_api_gateway_rest_api.sentient_api",
            "aws_iam_role.lambda_execution_role",
            "aws_lambda_function.auth_lambda",
            "data.archive_file.auth_lambda_zip",
            "null_resource.create_lambda_packages"
          ],
          "create_before_destroy": true
        }
      ]
    },
    {
      "mode": "managed",
      "type": "aws_api_gateway_deployment",
      "name": "api_deployment",
      "provider": "provider[\"registry.terraform.io/hashicorp/aws\"]",
      "instances": [
        {
          "schema_version": 0,
          "attributes": {
            "canary_settings": [],
            "created_date": "2026-02-01T13:33:29Z",
            "description": "",
            "execution_arn": "arn:aws:execute-api:us-east-1::i83jhjhpbl/",
            "id": "tnioflchmw",
            "invoke_url": "https://i83jhjhpbl.execute-api.us-east-1.amazonaws.com/",
            "rest_api_id": "i83jhjhpbl",
            "stage_description": null,
            "stage_name": null,
            "triggers": {
              "redeployment": "bfac4a3a0271532d8ee839f9326dcac252ced77b"
            },
            "variables": null
          },
          "sensitive_attributes": [],
          "identity_schema_version": 0,
          "private": "bnVsbA==",
          "dependencies": [
            "aws_api_gateway_authorizer.jwt_authorizer",
            "aws_api_gateway_integration.analyze_integration",
            "aws_api_gateway_integration_response.analyze_response",
            "aws_api_gateway_method.analyze_post",
            "aws_api_gateway_method_response.analyze_200",
            "aws_api_gateway_resource.analyze",
            "aws_api_gateway_rest_api.sentient_api",
            "aws_iam_role.lambda_execution_role",
            "aws_lambda_function.auth_lambda",
            "data.archive_file.auth_lambda_zip",
            "null_resource.create_lambda_packages"
          ],
          "create_before_destroy": true
        }
      ]
    },
    {
      "mode": "managed",
      "type": "aws_api_gateway_integration",
      "name": "analyze_integration",
      "provider": "provider[\"registry.terraform.io/hashicorp/aws\"]",
      "instances": [
        {
          "schema_version": 0,
          "attributes": {
            "cache_key_parameters": null,
            "cache_namespace": "bgttdl4oeu",
            "connection_id": "",
            "connection_type": "INTERNET",
            "content_handling": "",
            "credentials": "arn:aws:iam::000000000000:role/sentient_planner_lambda_role",
            "http_method": "POST",
            "id": "agi-i83jhjhpbl-bgttdl4oeu-POST",
            "integration_http_method": "POST",
            "passthrough_behavior": "WHEN_NO_MATCH",
            "request_parameters": null,
            "request_templates": {
              "application/json": "{\r\n  \"StreamName\": \"sentient-planner-stream\",\r\n  \"Data\": \"$util.base64Encode($input.body)\",\r\n  \"PartitionKey\": \"$context.requestId\"\r\n}\r\n"
            },
            "resource_id": "bgttdl4oeu",
            "rest_api_id": "i83jhjhpbl",
            "timeout_milliseconds": 29000,
            "tls_config": [],
            "type": "AWS",
            "uri": "arn:aws:apigateway:us-east-1:kinesis:action/PutRecord"
          },
          "sensitive_attributes": [],
          "identity_schema_version": 0,
          "private": "bnVsbA==",
          "dependencies": [
            "aws_api_gateway_authorizer.jwt_authorizer",
            "aws_api_gateway_method.analyze_post",
            "aws_api_gateway_resource.analyze",
            "aws_api_gateway_rest_api.sentient_api",
            "aws_iam_role.lambda_execution_role",
            "aws_lambda_function.auth_lambda",
            "data.archive_file.auth_lambda_zip",
            "null_resource.create_lambda_packages"
          ],
          "create_before_destroy": true
        }
      ]
    },
    {
      "mode": "managed",
      "type": "aws_api_gateway_integration_response",
      "name": "analyze_response",
      "provider": "provider[\"registry.terraform.io/hashicorp/aws\"]",
      "instances": [
        {
          "schema_version": 0,
          "attributes": {
            "content_handling": "",
            "http_method": "POST",
            "id": "agir-i83jhjhpbl-bgttdl4oeu-POST-200",
            "resource_id": "bgttdl4oeu",
            "response_parameters": null,
            "response_templates": {
              "application/json": "{\r\n  \"message\": \"Request accepted for processing\",\r\n  \"requestId\": \"$context.requestId\"\r\n}\r\n"
            },
            "rest_api_id": "i83jhjhpbl",
            "selection_pattern": "",
            "status_code": "200"
          },
          "sensitive_attributes": [],
          "identity_schema_version": 0,
          "private": "bnVsbA==",
          "dependencies": [
            "aws_api_gateway_authorizer.jwt_authorizer",
            "aws_api_gateway_integration.analyze_integration",
            "aws_api_gateway_method.analyze_post",
            "aws_api_gateway_method_response.analyze_200",
            "aws_api_gateway_resource.analyze",
            "aws_api_gateway_rest_api.sentient_api",
            "aws_iam_role.lambda_execution_role",
            "aws_lambda_function.auth_lambda",
            "data.archive_file.auth_lambda_zip",
            "null_resource.create_lambda_packages"
          ],
          "create_before_destroy": true
        }
      ]
    },
    {
      "mode": "managed",
      "type": "aws_api_gateway_method",
      "name": "analyze_post",
      "provider": "provider[\"registry.terraform.io/hashicorp/aws\"]",
      "instances": [
        {
          "schema_version": 0,
          "attributes": {
            "api_key_required": false,
            "authorization": "CUSTOM",
            "authorization_scopes": null,
            "authorizer_id": "9a9a50",
            "http_method": "POST",
            "id": "agm-i83jhjhpbl-bgttdl4oeu-POST",
            "operation_name": null,
            "request_models": null,
            "request_parameters": null,
            "request_validator_id": null,
            "resource_id": "bgttdl4oeu",
            "rest_api_id": "i83jhjhpbl"
          },
          "sensitive_attributes": [],
          "identity_schema_version": 0,
          "private": "bnVsbA==",
          "dependencies": [
            "aws_api_gateway_authorizer.jwt_authorizer",
            "aws_api_gateway_resource.analyze",
            "aws_api_gateway_rest_api.sentient_api",
            "aws_iam_role.lambda_execution_role",
            "aws_lambda_function.auth_lambda",
            "data.archive_file.auth_lambda_zip",
            "null_resource.create_lambda_packages"
          ],
          "create_before_destroy": true
        }
      ]
    },
    {
      "mode": "managed",
      "type": "aws_api_gateway_method",
      "name": "plan_get",
      "provider": "provider[\"registry.terraform.io/hashicorp/aws\"]",
      "instances": [
        {
          "schema_version": 0,
          "attributes": {
            "api_key_required": false,
            "authorization": "CUSTOM",
            "authorization_scopes": null,
            "authorizer_id": "9a9a50",
            "http_method": "GET",
            "id": "agm-i83jhjhpbl-dmnksjjgtr-GET",
            "operation_name": null,
            "request_models": null,
            "request_parameters": {
              "method.request.path.userId": true
            },
            "request_validator_id": null,
            "resource_id": "dmnksjjgtr",
            "rest_api_id": "i83jhjhpbl"
          },
          "sensitive_attributes": [],
          "identity_schema_version": 0,
          "private": "bnVsbA==",
          "dependencies": [
            "aws_api_gateway_authorizer.jwt_authorizer",
            "aws_api_gateway_resource.plan",
            "aws_api_gateway_resource.plan_user",
            "aws_api_gateway_rest_api.sentient_api",
            "aws_iam_role.lambda_execution_role",
            "aws_lambda_function.auth_lambda",
            "data.archive_file.auth_lambda_zip",
            "null_resource.create_lambda_packages"
          ]
        }
      ]
    },
    {
      "mode": "managed",
      "type": "aws_api_gateway_method_response",
      "name": "analyze_200",
      "provider": "provider[\"registry.terraform.io/hashicorp/aws\"]",
      "instances": [
        {
          "schema_version": 0,
          "attributes": {
            "http_method": "POST",
            "id": "agmr-i83jhjhpbl-bgttdl4oeu-POST-200",
            "resource_id": "bgttdl4oeu",
            "response_models": {
              "application/json": "Empty"
            },
            "response_parameters": null,
            "rest_api_id": "i83jhjhpbl",
            "status_code": "200"
          },
          "sensitive_attributes": [],
          "identity_schema_version": 0,
          "private": "bnVsbA==",
          "dependencies": [
            "aws_api_gateway_authorizer.jwt_authorizer",
            "aws_api_gateway_method.analyze_post",
            "aws_api_gateway_resource.analyze",
            "aws_api_gateway_rest_api.sentient_api",
            "aws_iam_role.lambda_execution_role",
            "aws_lambda_function.auth_lambda",
            "data.archive_file.auth_lambda_zip",
            "null_resource.create_lambda_packages"
          ],
          "create_before_destroy": true
        }
      ]
    },
    {
      "mode": "managed",
      "type": "aws_api_gateway_resource",
      "name": "analyze",
      "provider": "provider[\"registry.terraform.io/hashicorp/aws\"]",
      "instances": [
        {
          "schema_version": 0,
          "attributes": {
            "id": "bgttdl4oeu",
            "parent_id": "acv04wgivl",
            "path": "/analyze",
            "path_part": "analyze",
            "rest_api_id": "i83jhjhpbl"
          },
          "sensitive_attributes": [],
          "identity_schema_version": 0,
          "private": "bnVsbA==",
          "dependencies": [
            "aws_api_gateway_rest_api.sentient_api"
          ],
          "create_before_destroy": true
        }
      ]
    },
    {
      "mode": "managed",
      "type": "aws_api_gateway_resource",
      "name": "plan",
      "provider": "provider[\"registry.terraform.io/hashicorp/aws\"]",
      "instances": [
        {
          "schema_version": 0,
          "attributes": {
            "id": "lxyxxxn5yd",
            "parent_id": "acv04wgivl",
            "path": "/plan",
            "path_part": "plan",
            "rest_api_id": "i83jhjhpbl"
          },
          "sensitive_attributes": [],
          "identity_schema_version": 0,
          "private": "bnVsbA==",
          "dependencies": [
            "aws_api_gateway_rest_api.sentient_api"
          ]
        }
      ]
    },
    {
      "mode": "managed",
      "type": "aws_api_gateway_resource",
      "name": "plan_user",
      "provider": "provider[\"registry.terraform.io/hashicorp/aws\"]",
      "instances": [
        {
          "schema_version": 0,
          "attributes": {
            "id": "dmnksjjgtr",
            "parent_id": "lxyxxxn5yd",
            "path": "/plan/{userId}",
            "path_part": "{userId}",
            "rest_api_id": "i83jhjhpbl"
          },
          "sensitive_attributes": [],
          "identity_schema_version": 0,
          "private": "bnVsbA==",
          "dependencies": [
            "aws_api_gateway_resource.plan",
            "aws_api_gateway_rest_api.sentient_api"
          ]
        }
      ]
    },
    {
      "mode": "managed",
      "type": "aws_api_gateway_rest_api",
      "name": "sentient_api",
      "provider": "provider[\"registry.terraform.io/hashicorp/aws\"]",
      "instances": [
        {
          "schema_version": 0,
          "attributes": {
            "api_key_source": "HEADER",
            "arn": "arn:aws:apigateway:us-east-1::/restapis/i83jhjhpbl",
            "binary_media_types": [],
            "body": null,
            "created_date": "2026-02-01T13:33:23Z",
            "description": "API for Sentient Planner - Transform thoughts into weekly plans",
            "disable_execute_api_endpoint": false,
            "endpoint_configuration": [
              {
                "ip_address_type": "ipv4",
                "types": [
                  "REGIONAL"
                ],
                "vpc_endpoint_ids": []
              }
            ],
            "execution_arn": "arn:aws:execute-api:us-east-1::i83jhjhpbl",
            "fail_on_warnings": null,
            "id": "i83jhjhpbl",
            "minimum_compression_size": "",
            "name": "Sentient Planner API",
            "parameters": null,
            "policy": "",
            "put_rest_api_mode": null,
            "root_resource_id": "acv04wgivl",
            "tags": {
              "Environment": "local",
              "Name": "Sentient Planner API",
              "Project": "sentient-planner"
            },
            "tags_all": {
              "Environment": "local",
              "Name": "Sentient Planner API",
              "Project": "sentient-planner"
            }
          },
          "sensitive_attributes": [],
          "identity_schema_version": 0,
          "private": "bnVsbA==",
          "create_before_destroy": true
        }
      ]
    },
    {
      "mode": "managed",
      "type": "aws_api_gateway_stage",
      "name": "api_stage",
      "provider": "provider[\"registry.terraform.io/hashicorp/aws\"]",
      "instances": [
        {
          "schema_version": 0,
          "attributes": {
            "access_log_settings": [],
            "arn": "arn:aws:apigateway:us-east-1::/restapis/i83jhjhpbl/stages/dev",
            "cache_cluster_enabled": false,
            "cache_cluster_size": "",
            "canary_settings": [],
            "client_certificate_id": "",
            "deployment_id": "tnioflchmw",
            "description": "",
            "documentation_version": "",
            "execution_arn": "arn:aws:execute-api:us-east-1::i83jhjhpbl/dev",
            "id": "ags-i83jhjhpbl-dev",
            "invoke_url": "https://i83jhjhpbl.execute-api.us-east-1.amazonaws.com/dev",
            "rest_api_id": "i83jhjhpbl",
            "stage_name": "dev",
            "tags": {
              "Environment": "local",
              "Name": "Sentient Planner API Stage",
              "Project": "sentient-planner"
            },
            "tags_all": {
              "Environment": "local",
              "Name": "Sentient Planner API Stage",
              "Project": "sentient-planner"
            },
            "variables": null,
            "web_acl_arn": "",
            "xray_tracing_enabled": false
          },
          "sensitive_attributes": [],
          "identity_schema_version": 0,
          "private": "bnVsbA==",
          "dependencies": [
            "aws_api_gateway_authorizer.jwt_authorizer",
            "aws_api_gateway_deployment.api_deployment",
            "aws_api_gateway_integration.analyze_integration",
            "aws_api_gateway_integration_response.analyze_response",
            "aws_api_gateway_method.analyze_post",
            "aws_api_gateway_method_response.analyze_200",
            "aws_api_gateway_resource.analyze",
            "aws_api_gateway_rest_api.sentient_api",
            "aws_iam_role.lambda_execution_role",
            "aws_lambda_function.auth_lambda",
            "data.archive_file.auth_lambda_zip",
            "null_resource.create_lambda_packages"
          ]
        }
      ]
    },
    {
      "mode": "managed",
      "type": "aws_dynamodb_table",
      "name": "plans_table",
      "provider": "provider[\"registry.terraform.io/hashicorp/aws\"]",
      "instances": [
        {
          "schema_version": 1,
          "attributes": {
            "arn": "arn:aws:dynamodb:us-east-1:000000000000:table/sentient-planner-table",
            "attribute": [
              {
                "name": "Timestamp",
                "type": "S"
              },
              {
                "name": "UserId",
                "type": "S"
              }
            ],
            "billing_mode": "PAY_PER_REQUEST",
            "deletion_protection_enabled": false,
            "global_secondary_index": [
              {
                "hash_key": "UserId",
                "name": "EmotionIndex",
                "non_key_attributes": [],
                "on_demand_throughput": [],
                "projection_type": "ALL",
                "range_key": "Timestamp",
                "read_capacity": 0,
                "write_capacity": 0
              }
            ],
            "hash_key": "UserId",
            "id": "sentient-planner-table",
            "import_table": [],
            "local_secondary_index": [],
            "name": "sentient-planner-table",
            "on_demand_throughput": [],
            "point_in_time_recovery": [
              {
                "enabled": false,
                "recovery_period_in_days": 0
              }
            ],
            "range_key": "Timestamp",
            "read_capacity": 0,
            "replica": [],
            "restore_date_time": null,
            "restore_source_name": null,
            "restore_source_table_arn": null,
            "restore_to_latest_time": null,
            "server_side_encryption": [],
            "stream_arn": "",
            "stream_enabled": false,
            "stream_label": "",
            "stream_view_type": "",
            "table_class": "STANDARD",
            "tags": {
              "Environment": "local",
              "Name": "Sentient Planner Plans Table",
              "Project": "sentient-planner"
            },
            "tags_all": {
              "Environment": "local",
              "Name": "Sentient Planner Plans Table",
              "Project": "sentient-planner"
            },
            "timeouts": null,
            "ttl": [
              {
                "attribute_name": "",
                "enabled": false
              }
            ],
            "write_capacity": 0
          },
          "sensitive_attributes": [],
          "identity_schema_version": 0,
          "private": "eyJlMmJmYjczMC1lY2FhLTExZTYtOGY4OC0zNDM2M2JjN2M0YzAiOnsiY3JlYXRlIjoxODAwMDAwMDAwMDAwLCJkZWxldGUiOjYwMDAwMDAwMDAwMCwidXBkYXRlIjozNjAwMDAwMDAwMDAwfSwic2NoZW1hX3ZlcnNpb24iOiIxIn0="
        }
      ]
    },
    {
      "mode": "managed",
      "type": "aws_iam_role",
      "name": "lambda_execution_role",
      "provider": "provider[\"registry.terraform.io/hashicorp/aws\"]",
      "instances": [
        {
          "schema_version": 0,
          "attributes": {
            "arn": "arn:aws:iam::000000000000:role/sentient_planner_lambda_role",
            "assume_role_policy": "{\"Statement\":[{\"Action\":\"sts:AssumeRole\",\"Effect\":\"Allow\",\"Principal\":{\"Service\":\"lambda.amazonaws.com\"}}],\"Version\":\"2012-10-17\"}",
            "create_date": "2026-02-01T13:33:23Z",
            "description": "",
            "force_detach_policies": false,
            "id": "sentient_planner_lambda_role",
            "inline_policy": [],
            "managed_policy_arns": [],
            "max_session_duration": 3600,
            "name": "sentient_planner_lambda_role",
            "name_prefix": "",
            "path": "/",
            "permissions_boundary": "",
            "tags": {
              "Environment": "local",
              "Name": "Sentient Planner Lambda Role",
              "Project": "sentient-planner"
            },
            "tags_all": {
              "Environment": "local",
              "Name": "Sentient Planner Lambda Role",
              "Project": "sentient-planner"
            },
            "unique_id": "AROAQAAAAAAAK7GVOZWQJ"
          },
          "sensitive_attributes": [],
          "identity_schema_version": 0,
          "private": "bnVsbA==",
          "create_before_destroy": true
        }
      ]
    },
    {
      "mode": "managed",
      "type": "aws_iam_role_policy",
      "name": "lambda_policy",
      "provider": "provider[\"registry.terraform.io/hashicorp/aws\"]",
      "instances": [
        {
          "schema_version": 0,
          "attributes": {
            "id": "sentient_planner_lambda_role:sentient_planner_lambda_policy",
            "name": "sentient_planner_lambda_policy",
            "name_prefix": "",
            "policy": "{\"Version\":\"2012-10-17\",\"Statement\":[{\"Action\":[\"logs:CreateLogGroup\",\"logs:CreateLogStream\",\"logs:PutLogEvents\"],\"Effect\":\"Allow\",\"Resource\":\"*\"},{\"Action\":[\"dynamodb:PutItem\",\"dynamodb:GetItem\",\"dynamodb:UpdateItem\",\"dynamodb:Query\"],\"Effect\":\"Allow\",\"Resource\":\"arn:aws:dynamodb:us-east-1:000000000000:table/sentient-planner-table\"},{\"Action\":[\"kinesis:GetRecords\",\"kinesis:GetShardIterator\",\"kinesis:DescribeStream\",\"kinesis:ListShards\"],\"Effect\":\"Allow\",\"Resource\":\"arn:aws:kinesis:us-east-1:000000000000:stream/sentient-planner-stream\"},{\"Action\":[\"sqs:SendMessage\"],\"Effect\":\"Allow\",\"Resource\":\"arn:aws:sqs:us-east-1:000000000000:ascii-gen-queue\"},{\"Action\":[\"secretsmanager:GetSecretValue\"],\"Effect\":\"Allow\",\"Resource\":\"arn:aws:secretsmanager:us-east-1:000000000000:secret:app-secrets-qPNujU\"},{\"Action\":[\"s3:PutObject\",\"s3:GetObject\"],\"Effect\":\"Allow\",\"Resource\":\"arn:aws:s3:::sentient-planner-bucket/*\"}]}",
            "role": "sentient_planner_lambda_role"
          },
          "sensitive_attributes": [],
          "identity_schema_version": 0,
          "private": "bnVsbA==",
          "dependencies": [
            "aws_dynamodb_table.plans_table",
            "aws_iam_role.lambda_execution_role",
            "aws_kinesis_stream.input_stream",
            "aws_s3_bucket.ascii_storage",
            "aws_secretsmanager_secret.app_secrets",
            "aws_sqs_queue.ascii_gen_queue"
          ]
        }
      ]
    },
    {
      "mode": "managed",
      "type": "aws_kinesis_stream",
      "name": "input_stream",
      "provider": "provider[\"registry.terraform.io/hashicorp/aws\"]",
      "instances": [
        {
          "schema_version": 1,
          "attributes": {
            "arn": "arn:aws:kinesis:us-east-1:000000000000:stream/sentient-planner-stream",
            "encryption_type": "NONE",
            "enforce_consumer_deletion": false,
            "id": "arn:aws:kinesis:us-east-1:000000000000:stream/sentient-planner-stream",
            "kms_key_id": "",
            "name": "sentient-planner-stream",
            "retention_period": 24,
            "shard_count": 1,
            "shard_level_metrics": null,
            "stream_mode_details": [
              {
                "stream_mode": "PROVISIONED"
              }
            ],
            "tags": {},
            "tags_all": {},
            "timeouts": null
          },
          "sensitive_attributes": [],
          "identity_schema_version": 0,
          "private": "eyJlMmJmYjczMC1lY2FhLTExZTYtOGY4OC0zNDM2M2JjN2M0YzAiOnsiY3JlYXRlIjozMDAwMDAwMDAwMDAsImRlbGV0ZSI6NzIwMDAwMDAwMDAwMCwidXBkYXRlIjo3MjAwMDAwMDAwMDAwfSwic2NoZW1hX3ZlcnNpb24iOiIxIn0="
        }
      ]
    },
    {
      "mode": "managed",
      "type": "aws_lambda_event_source_mapping",
      "name": "kinesis_processor",
      "provider": "provider[\"registry.terraform.io/hashicorp/aws\"]",
      "instances": [
        {
          "schema_version": 0,
          "attributes": {
            "amazon_managed_kafka_event_source_config": [],
            "arn": "arn:aws:lambda:us-east-1:000000000000:event-source-mapping:def9dc03-427c-46bf-ac49-9ae109767585",
            "batch_size": 10,
            "bisect_batch_on_function_error": false,
            "destination_config": [
              {
                "on_failure": [
                  {
                    "destination_arn": null
                  }
                ]
              }
            ],
            "document_db_event_source_config": [],
            "enabled": true,
            "event_source_arn": "arn:aws:kinesis:us-east-1:000000000000:stream/sentient-planner-stream",
            "filter_criteria": [],
            "function_arn": "arn:aws:lambda:us-east-1:000000000000:function:sentient_planner_processor",
            "function_name": "arn:aws:lambda:us-east-1:000000000000:function:sentient_planner_processor",
            "function_response_types": null,
            "id": "def9dc03-427c-46bf-ac49-9ae109767585",
            "kms_key_arn": "",
            "last_modified": "2026-02-01T13:33:54Z",
            "last_processing_result": "No records processed",
            "maximum_batching_window_in_seconds": 0,
            "maximum_record_age_in_seconds": -1,
            "maximum_retry_attempts": -1,
            "metrics_config": [],
            "parallelization_factor": 1,
            "provisioned_poller_config": [],
            "queues": null,
            "scaling_config": [],
            "self_managed_event_source": [],
            "self_managed_kafka_event_source_config": [],
            "source_access_configuration": [],
            "starting_position": "LATEST",
            "starting_position_timestamp": "",
            "state": "Enabled",
            "state_transition_reason": "User action",
            "tags": null,
            "tags_all": {},
            "topics": null,
            "tumbling_window_in_seconds": 0,
            "uuid": "def9dc03-427c-46bf-ac49-9ae109767585"
          },
          "sensitive_attributes": [],
          "identity_schema_version": 0,
          "private": "bnVsbA==",
          "dependencies": [
            "aws_dynamodb_table.plans_table",
            "aws_iam_role.lambda_execution_role",
            "aws_iam_role_policy.lambda_policy",
            "aws_kinesis_stream.input_stream",
            "aws_lambda_function.processor_lambda",
            "aws_s3_bucket.ascii_storage",
            "aws_secretsmanager_secret.app_secrets",
            "aws_sqs_queue.ascii_gen_queue",
            "data.archive_file.processor_lambda_zip",
            "null_resource.create_lambda_packages"
          ]
        }
      ]
    },
    {
      "mode": "managed",
      "type": "aws_lambda_function",
      "name": "auth_lambda",
      "provider": "provider[\"registry.terraform.io/hashicorp/aws\"]",
      "instances": [
        {
          "schema_version": 0,
          "attributes": {
            "architectures": [
              "x86_64"
            ],
            "arn": "arn:aws:lambda:us-east-1:000000000000:function:sentient_planner_auth",
            "code_sha256": "jHP6rLGbFWGgBzq+BiapcZrazbknOGn/iivuLZSPGnM=",
            "code_signing_config_arn": "",
            "dead_letter_config": [],
            "description": "",
            "environment": [
              {
                "variables": {
                  "IS_LOCAL": "true",
                  "LOCALSTACK_ENDPOINT": "http://localhost:4566",
                  "SECRETS_NAME": "app-secrets"
                }
              }
            ],
            "ephemeral_storage": [
              {
                "size": 512
              }
            ],
            "file_system_config": [],
            "filename": "./../../src/lambdas/packages/auth.zip",
            "function_name": "sentient_planner_auth",
            "handler": "auth.handler",
            "id": "sentient_planner_auth",
            "image_config": [],
            "image_uri": "",
            "invoke_arn": "arn:aws:apigateway:us-east-1:lambda:path/2015-03-31/functions/arn:aws:lambda:us-east-1:000000000000:function:sentient_planner_auth/invocations",
            "kms_key_arn": "",
            "last_modified": "2026-02-01T13:33:24.236335+0000",
            "layers": null,
            "logging_config": [
              {
                "application_log_level": "",
                "log_format": "Text",
                "log_group": "/aws/lambda/sentient_planner_auth",
                "system_log_level": ""
              }
            ],
            "memory_size": 128,
            "package_type": "Zip",
            "publish": false,
            "qualified_arn": "arn:aws:lambda:us-east-1:000000000000:function:sentient_planner_auth:$LATEST",
            "qualified_invoke_arn": "arn:aws:apigateway:us-east-1:lambda:path/2015-03-31/functions/arn:aws:lambda:us-east-1:000000000000:function:sentient_planner_auth:$LATEST/invocations",
            "replace_security_groups_on_destroy": null,
            "replacement_security_group_ids": null,
            "reserved_concurrent_executions": -1,
            "role": "arn:aws:iam::000000000000:role/sentient_planner_lambda_role",
            "runtime": "python3.10",
            "s3_bucket": null,
            "s3_key": null,
            "s3_object_version": null,
            "signing_job_arn": "",
            "signing_profile_version_arn": "",
            "skip_destroy": false,
            "snap_start": [],
            "source_code_hash": "jHP6rLGbFWGgBzq+BiapcZrazbknOGn/iivuLZSPGnM=",
            "source_code_size": 2400,
            "tags": {
              "Environment": "local",
              "Name": "Sentient Planner Auth Lambda",
              "Project": "sentient-planner"
            },
            "tags_all": {
              "Environment": "local",
              "Name": "Sentient Planner Auth Lambda",
              "Project": "sentient-planner"
            },
            "timeout": 30,
            "timeouts": null,
            "tracing_config": [
              {
                "mode": "PassThrough"
              }
            ],
            "version": "$LATEST",
            "vpc_config": []
          },
          "sensitive_attributes": [],
          "identity_schema_version": 0,
          "private": "eyJlMmJmYjczMC1lY2FhLTExZTYtOGY4OC0zNDM2M2JjN2M0YzAiOnsiY3JlYXRlIjo2MDAwMDAwMDAwMDAsImRlbGV0ZSI6NjAwMDAwMDAwMDAwLCJ1cGRhdGUiOjYwMDAwMDAwMDAwMH19",
          "dependencies": [
            "aws_iam_role.lambda_execution_role",
            "data.archive_file.auth_lambda_zip",
            "null_resource.create_lambda_packages"
          ],
          "create_before_destroy": true
        }
      ]
    },
    {
      "mode": "managed",
      "type": "aws_lambda_function",
      "name": "processor_lambda",
      "provider": "provider[\"registry.terraform.io/hashicorp/aws\"]",
      "instances": [
        {
          "schema_version": 0,
          "attributes": {
            "architectures": [
              "x86_64"
            ],
            "arn": "arn:aws:lambda:us-east-1:000000000000:function:sentient_planner_processor",
            "code_sha256": "q48lonQxG8zVbCu18cMI19jYmEw+GgjOJzcDiv67MHE=",
            "code_signing_config_arn": "",
            "dead_letter_config": [],
            "description": "",
            "environment": [
              {
                "variables": {
                  "DYNAMODB_TABLE_NAME": "sentient-planner-table",
                  "IS_LOCAL": "true",
                  "LOCALSTACK_ENDPOINT": "http://localhost:4566",
                  "SECRETS_NAME": "app-secrets",
                  "SQS_QUEUE_URL": "http://sqs.us-east-1.localhost.localstack.cloud:4566/000000000000/ascii-gen-queue"
                }
              }
            ],
            "ephemeral_storage": [
              {
                "size": 512
              }
            ],
            "file_system_config": [],
            "filename": "./../../src/lambdas/packages/processor.zip",
            "function_name": "sentient_planner_processor",
            "handler": "processor.handler",
            "id": "sentient_planner_processor",
            "image_config": [],
            "image_uri": "",
            "invoke_arn": "arn:aws:apigateway:us-east-1:lambda:path/2015-03-31/functions/arn:aws:lambda:us-east-1:000000000000:function:sentient_planner_processor/invocations",
            "kms_key_arn": "",
            "last_modified": "2026-02-01T13:33:49.024927+0000",
            "layers": null,
            "logging_config": [
              {
                "application_log_level": "",
                "log_format": "Text",
                "log_group": "/aws/lambda/sentient_planner_processor",
                "system_log_level": ""
              }
            ],
            "memory_size": 256,
            "package_type": "Zip",
            "publish": false,
            "qualified_arn": "arn:aws:lambda:us-east-1:000000000000:function:sentient_planner_processor:$LATEST",
            "qualified_invoke_arn": "arn:aws:apigateway:us-east-1:lambda:path/2015-03-31/functions/arn:aws:lambda:us-east-1:000000000000:function:sentient_planner_processor:$LATEST/invocations",
            "replace_security_groups_on_destroy": null,
            "replacement_security_group_ids": null,
            "reserved_concurrent_executions": -1,
            "role": "arn:aws:iam::000000000000:role/sentient_planner_lambda_role",
            "runtime": "python3.10",
            "s3_bucket": null,
            "s3_key": null,
            "s3_object_version": null,
            "signing_job_arn": "",
            "signing_profile_version_arn": "",
            "skip_destroy": false,
            "snap_start": [],
            "source_code_hash": "q48lonQxG8zVbCu18cMI19jYmEw+GgjOJzcDiv67MHE=",
            "source_code_size": 4298,
            "tags": {
              "Environment": "local",
              "Name": "Sentient Planner Processor Lambda",
              "Project": "sentient-planner"
            },
            "tags_all": {
              "Environment": "local",
              "Name": "Sentient Planner Processor Lambda",
              "Project": "sentient-planner"
            },
            "timeout": 120,
            "timeouts": null,
            "tracing_config": [
              {
                "mode": "PassThrough"
              }
            ],
            "version": "$LATEST",
            "vpc_config": []
          },
          "sensitive_attributes": [],
          "identity_schema_version": 0,
          "private": "eyJlMmJmYjczMC1lY2FhLTExZTYtOGY4OC0zNDM2M2JjN2M0YzAiOnsiY3JlYXRlIjo2MDAwMDAwMDAwMDAsImRlbGV0ZSI6NjAwMDAwMDAwMDAwLCJ1cGRhdGUiOjYwMDAwMDAwMDAwMH19",
          "dependencies": [
            "aws_iam_role.lambda_execution_role",
            "aws_sqs_queue.ascii_gen_queue",
            "data.archive_file.processor_lambda_zip",
            "null_resource.create_lambda_packages"
          ]
        }
      ]
    },
    {
      "mode": "managed",
      "type": "aws_s3_bucket",
      "name": "ascii_storage",
      "provider": "provider[\"registry.terraform.io/hashicorp/aws\"]",
      "instances": [
        {
          "schema_version": 0,
          "attributes": {
            "acceleration_status": "",
            "acl": null,
            "arn": "arn:aws:s3:::sentient-planner-bucket",
            "bucket": "sentient-planner-bucket",
            "bucket_domain_name": "sentient-planner-bucket.s3.amazonaws.com",
            "bucket_prefix": "",
            "bucket_regional_domain_name": "sentient-planner-bucket.s3.us-east-1.amazonaws.com",
            "cors_rule": [],
            "force_destroy": false,
            "grant": [
              {
                "id": "75aa57f09aa0c8caeab4f8c24e99d10f8e7faeebf76c078efc7c6caea54ba06a",
                "permissions": [
                  "FULL_CONTROL"
                ],
                "type": "CanonicalUser",
                "uri": ""
              }
            ],
            "hosted_zone_id": "Z3AQBSTGFYJSTF",
            "id": "sentient-planner-bucket",
            "lifecycle_rule": [],
            "logging": [],
            "object_lock_configuration": [],
            "object_lock_enabled": false,
            "policy": "",
            "region": "us-east-1",
            "replication_configuration": [],
            "request_payer": "BucketOwner",
            "server_side_encryption_configuration": [
              {
                "rule": [
                  {
                    "apply_server_side_encryption_by_default": [
                      {
                        "kms_master_key_id": "",
                        "sse_algorithm": "AES256"
                      }
                    ],
                    "bucket_key_enabled": false
                  }
                ]
              }
            ],
            "tags": {
              "Environment": "local",
              "Name": "Sentient Planner ASCII Storage",
              "Project": "sentient-planner"
            },
            "tags_all": {
              "Environment": "local",
              "Name": "Sentient Planner ASCII Storage",
              "Project": "sentient-planner"
            },
            "timeouts": null,
            "versioning": [
              {
                "enabled": false,
                "mfa_delete": false
              }
            ],
            "website": [],
            "website_domain": null,
            "website_endpoint": null
          },
          "sensitive_attributes": [],
          "identity_schema_version": 0,
          "private": "eyJlMmJmYjczMC1lY2FhLTExZTYtOGY4OC0zNDM2M2JjN2M0YzAiOnsiY3JlYXRlIjoxMjAwMDAwMDAwMDAwLCJkZWxldGUiOjM2MDAwMDAwMDAwMDAsInJlYWQiOjEyMDAwMDAwMDAwMDAsInVwZGF0ZSI6MTIwMDAwMDAwMDAwMH19"
        }
      ]
    },
    {
      "mode": "managed",
      "type": "aws_s3_bucket_versioning",
      "name": "ascii_versioning",
      "provider": "provider[\"registry.terraform.io/hashicorp/aws\"]",
      "instances": [
        {
          "schema_version": 0,
          "attributes": {
            "bucket": "sentient-planner-bucket",
            "expected_bucket_owner": "",
            "id": "sentient-planner-bucket",
            "mfa": null,
            "versioning_configuration": [
              {
                "mfa_delete": "",
                "status": "Enabled"
              }
            ]
          },
          "sensitive_attributes": [],
          "identity_schema_version": 0,
          "private": "bnVsbA==",
          "dependencies": [
            "aws_s3_bucket.ascii_storage"
          ]
        }
      ]
    },
    {
      "mode": "managed",
      "type": "aws_secretsmanager_secret",
      "name": "app_secrets",
      "provider": "provider[\"registry.terraform.io/hashicorp/aws\"]",
      "instances": [
        {
          "schema_version": 0,
          "attributes": {
            "arn": "arn:aws:secretsmanager:us-east-1:000000000000:secret:app-secrets-qPNujU",
            "description": "",
            "force_overwrite_replica_secret": false,
            "id": "arn:aws:secretsmanager:us-east-1:000000000000:secret:app-secrets-qPNujU",
            "kms_key_id": "",
            "name": "app-secrets",
            "name_prefix": "",
            "policy": "",
            "recovery_window_in_days": 0,
            "replica": [],
            "tags": {
              "Environment": "local",
              "Name": "Sentient Planner Secrets",
              "Project": "sentient-planner"
            },
            "tags_all": {
              "Environment": "local",
              "Name": "Sentient Planner Secrets",
              "Project": "sentient-planner"
            }
          },
          "sensitive_attributes": [],
          "identity_schema_version": 0,
          "private": "bnVsbA=="
        }
      ]
    },
    {
      "mode": "managed",
      "type": "aws_sqs_queue",
      "name": "ascii_gen_dlq",
      "provider": "provider[\"registry.terraform.io/hashicorp/aws\"]",
      "instances": [
        {
          "schema_version": 0,
          "attributes": {
            "arn": "arn:aws:sqs:us-east-1:000000000000:ascii-gen-queue-dlq",
            "content_based_deduplication": false,
            "deduplication_scope": "",
            "delay_seconds": 0,
            "fifo_queue": false,
            "fifo_throughput_limit": "",
            "id": "http://sqs.us-east-1.localhost.localstack.cloud:4566/000000000000/ascii-gen-queue-dlq",
            "kms_data_key_reuse_period_seconds": 300,
            "kms_master_key_id": "",
            "max_message_size": 262144,
            "message_retention_seconds": 345600,
            "name": "ascii-gen-queue-dlq",
            "name_prefix": "",
            "policy": "",
            "receive_wait_time_seconds": 0,
            "redrive_allow_policy": "",
            "redrive_policy": "",
            "sqs_managed_sse_enabled": true,
            "tags": {
              "Environment": "local",
              "Name": "ASCII Generation Dead Letter Queue",
              "Project": "sentient-planner"
            },
            "tags_all": {
              "Environment": "local",
              "Name": "ASCII Generation Dead Letter Queue",
              "Project": "sentient-planner"
            },
            "timeouts": null,
            "url": "http://sqs.us-east-1.localhost.localstack.cloud:4566/000000000000/ascii-gen-queue-dlq",
            "visibility_timeout_seconds": 30
          },
          "sensitive_attributes": [],
          "identity_schema_version": 0,
          "private": "eyJlMmJmYjczMC1lY2FhLTExZTYtOGY4OC0zNDM2M2JjN2M0YzAiOnsiY3JlYXRlIjoxODAwMDAwMDAwMDAsImRlbGV0ZSI6MTgwMDAwMDAwMDAwLCJ1cGRhdGUiOjE4MDAwMDAwMDAwMH19"
        }
      ]
    },
    {
      "mode": "managed",
      "type": "aws_sqs_queue",
      "name": "ascii_gen_queue",
      "provider": "provider[\"registry.terraform.io/hashicorp/aws\"]",
      "instances": [
        {
          "schema_version": 0,
          "attributes": {
            "arn": "arn:aws:sqs:us-east-1:000000000000:ascii-gen-queue",
            "content_based_deduplication": false,
            "deduplication_scope": "",
            "delay_seconds": 0,
            "fifo_queue": false,
            "fifo_throughput_limit": "",
            "id": "http://sqs.us-east-1.localhost.localstack.cloud:4566/000000000000/ascii-gen-queue",
            "kms_data_key_reuse_period_seconds": 300,
            "kms_master_key_id": "",
            "max_message_size": 262144,
            "message_retention_seconds": 86400,
            "name": "ascii-gen-queue",
            "name_prefix": "",
            "policy": "",
            "receive_wait_time_seconds": 10,
            "redrive_allow_policy": "",
            "redrive_policy": "",
            "sqs_managed_sse_enabled": true,
            "tags": {
              "Environment": "local",
              "Name": "ASCII Generation Queue",
              "Project": "sentient-planner"
            },
            "tags_all": {
              "Environment": "local",
              "Name": "ASCII Generation Queue",
              "Project": "sentient-planner"
            },
            "timeouts": null,
            "url": "http://sqs.us-east-1.localhost.localstack.cloud:4566/000000000000/ascii-gen-queue",
            "visibility_timeout_seconds": 300
          },
          "sensitive_attributes": [],
          "identity_schema_version": 0,
          "private": "eyJlMmJmYjczMC1lY2FhLTExZTYtOGY4OC0zNDM2M2JjN2M0YzAiOnsiY3JlYXRlIjoxODAwMDAwMDAwMDAsImRlbGV0ZSI6MTgwMDAwMDAwMDAwLCJ1cGRhdGUiOjE4MDAwMDAwMDAwMH19"
        }
      ]
    },
    {
      "mode": "managed",
      "type": "null_resource",
      "name": "create_lambda_packages",
      "provider": "provider[\"registry.terraform.io/hashicorp/null\"]",
      "instances": [
        {
          "schema_version": 0,
          "attributes": {
            "id": "7872543037700109090",
            "triggers": null
          },
          "sensitive_attributes": [],
          "identity_schema_version": 0,
          "create_before_destroy": true
        }
      ]
    }
  ],
  "check_results": null
}
